// !$*UTF8*$!
{
	archiveVersion = 1;
	classes = {
	};
	objectVersion = 52;
	objects = {

/* Begin PBXBuildFile section */
		7C168D5626BAEBFD0036729A /* RepoState.swift in Sources */ = {isa = PBXBuildFile; fileRef = 7C168D5526BAEBFD0036729A /* RepoState.swift */; };
		7C168D5826BAEC0D0036729A /* PostRepo.swift in Sources */ = {isa = PBXBuildFile; fileRef = 7C168D5726BAEC0D0036729A /* PostRepo.swift */; };
		7C7947F226BAF6590034476D /* SwiftUI+Extensions.swift in Sources */ = {isa = PBXBuildFile; fileRef = 7C7947F126BAF6590034476D /* SwiftUI+Extensions.swift */; };
		7C7947F426BAFBA30034476D /* Router.swift in Sources */ = {isa = PBXBuildFile; fileRef = 7C7947F326BAFBA30034476D /* Router.swift */; };
		7C7947F726BAFDBA0034476D /* SwiftUIRefresh in Frameworks */ = {isa = PBXBuildFile; productRef = 7C7947F626BAFDBA0034476D /* SwiftUIRefresh */; };
		7C7947F926BAFEA50034476D /* Sourceful.swift in Sources */ = {isa = PBXBuildFile; fileRef = 7C7947F826BAFEA50034476D /* Sourceful.swift */; };
		7C7947FC26BB00A50034476D /* Combine+Extensions.swift in Sources */ = {isa = PBXBuildFile; fileRef = 7C7947FB26BB00A50034476D /* Combine+Extensions.swift */; };
		7CD5575826B7F30100707A89 /* PostsDemoApp.swift in Sources */ = {isa = PBXBuildFile; fileRef = 7CD5575726B7F30100707A89 /* PostsDemoApp.swift */; };
		7CD5575C26B7F30100707A89 /* Assets.xcassets in Resources */ = {isa = PBXBuildFile; fileRef = 7CD5575B26B7F30100707A89 /* Assets.xcassets */; };
		7CD5575F26B7F30100707A89 /* Preview Assets.xcassets in Resources */ = {isa = PBXBuildFile; fileRef = 7CD5575E26B7F30100707A89 /* Preview Assets.xcassets */; };
		7CD5576A26B7F30200707A89 /* PostsDemoTests.swift in Sources */ = {isa = PBXBuildFile; fileRef = 7CD5576926B7F30200707A89 /* PostsDemoTests.swift */; };
		7CD5577526B7F30200707A89 /* PostsDemoUITests.swift in Sources */ = {isa = PBXBuildFile; fileRef = 7CD5577426B7F30200707A89 /* PostsDemoUITests.swift */; };
		7CD5578626B7F35100707A89 /* API.swift in Sources */ = {isa = PBXBuildFile; fileRef = 7CD5578426B7F35100707A89 /* API.swift */; };
		7CD5578726B7F35100707A89 /* Network.swift in Sources */ = {isa = PBXBuildFile; fileRef = 7CD5578526B7F35100707A89 /* Network.swift */; };
		7CD5578926B7F68B00707A89 /* XCTestCase+Extensions.swift in Sources */ = {isa = PBXBuildFile; fileRef = 7CD5578826B7F68B00707A89 /* XCTestCase+Extensions.swift */; };
		7CD5578B26B7F6CD00707A89 /* APITests.swift in Sources */ = {isa = PBXBuildFile; fileRef = 7CD5578A26B7F6CD00707A89 /* APITests.swift */; };
		7CD5578E26B7F6FC00707A89 /* XCTest.framework in Frameworks */ = {isa = PBXBuildFile; fileRef = 7CD5578D26B7F6FC00707A89 /* XCTest.framework */; settings = {ATTRIBUTES = (Weak, ); }; };
		7CD5579126B8021A00707A89 /* FlatType.swift in Sources */ = {isa = PBXBuildFile; fileRef = 7CD5579026B8021A00707A89 /* FlatType.swift */; };
		7CD5579326B8023600707A89 /* Identifier.swift in Sources */ = {isa = PBXBuildFile; fileRef = 7CD5579226B8023600707A89 /* Identifier.swift */; };
		7CD5579626B8066400707A89 /* PostsView.swift in Sources */ = {isa = PBXBuildFile; fileRef = 7CD5579526B8066400707A89 /* PostsView.swift */; };
		7CD5579826B8070800707A89 /* PostsRepo.swift in Sources */ = {isa = PBXBuildFile; fileRef = 7CD5579726B8070800707A89 /* PostsRepo.swift */; };
		7CD5579A26B8084000707A89 /* Model.swift in Sources */ = {isa = PBXBuildFile; fileRef = 7CD5579926B8084000707A89 /* Model.swift */; };
		7CD5579F26B8140600707A89 /* PostDetailsView.swift in Sources */ = {isa = PBXBuildFile; fileRef = 7CD5579E26B8140600707A89 /* PostDetailsView.swift */; };
		7CD557A226B814BC00707A89 /* NukeUI in Frameworks */ = {isa = PBXBuildFile; productRef = 7CD557A126B814BC00707A89 /* NukeUI */; };
		7CD557A426B8189300707A89 /* LinkService.swift in Sources */ = {isa = PBXBuildFile; fileRef = 7CD557A326B8189300707A89 /* LinkService.swift */; };
		7CD557A926B87BC900707A89 /* RepoCache.swift in Sources */ = {isa = PBXBuildFile; fileRef = 7CD557A826B87BC900707A89 /* RepoCache.swift */; };
/* End PBXBuildFile section */

/* Begin PBXContainerItemProxy section */
		7CD5576626B7F30200707A89 /* PBXContainerItemProxy */ = {
			isa = PBXContainerItemProxy;
			containerPortal = 7CD5574C26B7F30100707A89 /* Project object */;
			proxyType = 1;
			remoteGlobalIDString = 7CD5575326B7F30100707A89;
			remoteInfo = PostsDemo;
		};
		7CD5577126B7F30200707A89 /* PBXContainerItemProxy */ = {
			isa = PBXContainerItemProxy;
			containerPortal = 7CD5574C26B7F30100707A89 /* Project object */;
			proxyType = 1;
			remoteGlobalIDString = 7CD5575326B7F30100707A89;
			remoteInfo = PostsDemo;
		};
/* End PBXContainerItemProxy section */

/* Begin PBXFileReference section */
		7C168D5526BAEBFD0036729A /* RepoState.swift */ = {isa = PBXFileReference; lastKnownFileType = sourcecode.swift; path = RepoState.swift; sourceTree = "<group>"; };
		7C168D5726BAEC0D0036729A /* PostRepo.swift */ = {isa = PBXFileReference; lastKnownFileType = sourcecode.swift; path = PostRepo.swift; sourceTree = "<group>"; };
		7C7947F126BAF6590034476D /* SwiftUI+Extensions.swift */ = {isa = PBXFileReference; lastKnownFileType = sourcecode.swift; path = "SwiftUI+Extensions.swift"; sourceTree = "<group>"; };
		7C7947F326BAFBA30034476D /* Router.swift */ = {isa = PBXFileReference; lastKnownFileType = sourcecode.swift; path = Router.swift; sourceTree = "<group>"; };
		7C7947F826BAFEA50034476D /* Sourceful.swift */ = {isa = PBXFileReference; lastKnownFileType = sourcecode.swift; path = Sourceful.swift; sourceTree = "<group>"; };
		7C7947FB26BB00A50034476D /* Combine+Extensions.swift */ = {isa = PBXFileReference; lastKnownFileType = sourcecode.swift; path = "Combine+Extensions.swift"; sourceTree = "<group>"; };
		7CD5575426B7F30100707A89 /* PostsDemo.app */ = {isa = PBXFileReference; explicitFileType = wrapper.application; includeInIndex = 0; path = PostsDemo.app; sourceTree = BUILT_PRODUCTS_DIR; };
		7CD5575726B7F30100707A89 /* PostsDemoApp.swift */ = {isa = PBXFileReference; lastKnownFileType = sourcecode.swift; path = PostsDemoApp.swift; sourceTree = "<group>"; };
		7CD5575B26B7F30100707A89 /* Assets.xcassets */ = {isa = PBXFileReference; lastKnownFileType = folder.assetcatalog; path = Assets.xcassets; sourceTree = "<group>"; };
		7CD5575E26B7F30100707A89 /* Preview Assets.xcassets */ = {isa = PBXFileReference; lastKnownFileType = folder.assetcatalog; path = "Preview Assets.xcassets"; sourceTree = "<group>"; };
		7CD5576026B7F30100707A89 /* Info.plist */ = {isa = PBXFileReference; lastKnownFileType = text.plist.xml; path = Info.plist; sourceTree = "<group>"; };
		7CD5576526B7F30200707A89 /* PostsDemoTests.xctest */ = {isa = PBXFileReference; explicitFileType = wrapper.cfbundle; includeInIndex = 0; path = PostsDemoTests.xctest; sourceTree = BUILT_PRODUCTS_DIR; };
		7CD5576926B7F30200707A89 /* PostsDemoTests.swift */ = {isa = PBXFileReference; lastKnownFileType = sourcecode.swift; path = PostsDemoTests.swift; sourceTree = "<group>"; };
		7CD5576B26B7F30200707A89 /* Info.plist */ = {isa = PBXFileReference; lastKnownFileType = text.plist.xml; path = Info.plist; sourceTree = "<group>"; };
		7CD5577026B7F30200707A89 /* PostsDemoUITests.xctest */ = {isa = PBXFileReference; explicitFileType = wrapper.cfbundle; includeInIndex = 0; path = PostsDemoUITests.xctest; sourceTree = BUILT_PRODUCTS_DIR; };
		7CD5577426B7F30200707A89 /* PostsDemoUITests.swift */ = {isa = PBXFileReference; lastKnownFileType = sourcecode.swift; path = PostsDemoUITests.swift; sourceTree = "<group>"; };
		7CD5577626B7F30200707A89 /* Info.plist */ = {isa = PBXFileReference; lastKnownFileType = text.plist.xml; path = Info.plist; sourceTree = "<group>"; };
		7CD5578426B7F35100707A89 /* API.swift */ = {isa = PBXFileReference; fileEncoding = 4; lastKnownFileType = sourcecode.swift; path = API.swift; sourceTree = "<group>"; };
		7CD5578526B7F35100707A89 /* Network.swift */ = {isa = PBXFileReference; fileEncoding = 4; lastKnownFileType = sourcecode.swift; path = Network.swift; sourceTree = "<group>"; };
		7CD5578826B7F68B00707A89 /* XCTestCase+Extensions.swift */ = {isa = PBXFileReference; lastKnownFileType = sourcecode.swift; path = "XCTestCase+Extensions.swift"; sourceTree = "<group>"; };
		7CD5578A26B7F6CD00707A89 /* APITests.swift */ = {isa = PBXFileReference; lastKnownFileType = sourcecode.swift; path = APITests.swift; sourceTree = "<group>"; };
		7CD5578D26B7F6FC00707A89 /* XCTest.framework */ = {isa = PBXFileReference; lastKnownFileType = wrapper.framework; name = XCTest.framework; path = Platforms/iPhoneOS.platform/Developer/Library/Frameworks/XCTest.framework; sourceTree = DEVELOPER_DIR; };
		7CD5579026B8021A00707A89 /* FlatType.swift */ = {isa = PBXFileReference; lastKnownFileType = sourcecode.swift; path = FlatType.swift; sourceTree = "<group>"; };
		7CD5579226B8023600707A89 /* Identifier.swift */ = {isa = PBXFileReference; lastKnownFileType = sourcecode.swift; path = Identifier.swift; sourceTree = "<group>"; };
		7CD5579526B8066400707A89 /* PostsView.swift */ = {isa = PBXFileReference; lastKnownFileType = sourcecode.swift; path = PostsView.swift; sourceTree = "<group>"; };
		7CD5579726B8070800707A89 /* PostsRepo.swift */ = {isa = PBXFileReference; lastKnownFileType = sourcecode.swift; path = PostsRepo.swift; sourceTree = "<group>"; };
		7CD5579926B8084000707A89 /* Model.swift */ = {isa = PBXFileReference; lastKnownFileType = sourcecode.swift; path = Model.swift; sourceTree = "<group>"; };
		7CD5579E26B8140600707A89 /* PostDetailsView.swift */ = {isa = PBXFileReference; lastKnownFileType = sourcecode.swift; path = PostDetailsView.swift; sourceTree = "<group>"; };
		7CD557A326B8189300707A89 /* LinkService.swift */ = {isa = PBXFileReference; lastKnownFileType = sourcecode.swift; path = LinkService.swift; sourceTree = "<group>"; };
		7CD557A826B87BC900707A89 /* RepoCache.swift */ = {isa = PBXFileReference; lastKnownFileType = sourcecode.swift; path = RepoCache.swift; sourceTree = "<group>"; };
/* End PBXFileReference section */

/* Begin PBXFrameworksBuildPhase section */
		7CD5575126B7F30100707A89 /* Frameworks */ = {
			isa = PBXFrameworksBuildPhase;
			buildActionMask = 2147483647;
			files = (
				7C7947F726BAFDBA0034476D /* SwiftUIRefresh in Frameworks */,
				7CD557A226B814BC00707A89 /* NukeUI in Frameworks */,
			);
			runOnlyForDeploymentPostprocessing = 0;
		};
		7CD5576226B7F30200707A89 /* Frameworks */ = {
			isa = PBXFrameworksBuildPhase;
			buildActionMask = 2147483647;
			files = (
				7CD5578E26B7F6FC00707A89 /* XCTest.framework in Frameworks */,
			);
			runOnlyForDeploymentPostprocessing = 0;
		};
		7CD5576D26B7F30200707A89 /* Frameworks */ = {
			isa = PBXFrameworksBuildPhase;
			buildActionMask = 2147483647;
			files = (
			);
			runOnlyForDeploymentPostprocessing = 0;
		};
/* End PBXFrameworksBuildPhase section */

/* Begin PBXGroup section */
		7C168D5326BAEBE90036729A /* Repos */ = {
			isa = PBXGroup;
			children = (
				7CD5579726B8070800707A89 /* PostsRepo.swift */,
				7C168D5726BAEC0D0036729A /* PostRepo.swift */,
				7CD557A826B87BC900707A89 /* RepoCache.swift */,
				7C168D5526BAEBFD0036729A /* RepoState.swift */,
				7C7947F826BAFEA50034476D /* Sourceful.swift */,
			);
			path = Repos;
			sourceTree = "<group>";
		};
		7C168D5426BAEBED0036729A /* Networking */ = {
			isa = PBXGroup;
			children = (
				7CD5578426B7F35100707A89 /* API.swift */,
				7CD5578526B7F35100707A89 /* Network.swift */,
			);
			path = Networking;
			sourceTree = "<group>";
		};
		7C7947FA26BB00970034476D /* Extensions */ = {
			isa = PBXGroup;
			children = (
				7C7947F126BAF6590034476D /* SwiftUI+Extensions.swift */,
				7C7947FB26BB00A50034476D /* Combine+Extensions.swift */,
			);
			path = Extensions;
			sourceTree = "<group>";
		};
		7CD5574B26B7F30100707A89 = {
			isa = PBXGroup;
			children = (
				7CD5575626B7F30100707A89 /* PostsDemo */,
				7CD5576826B7F30200707A89 /* PostsDemoTests */,
				7CD5577326B7F30200707A89 /* PostsDemoUITests */,
				7CD5575526B7F30100707A89 /* Products */,
				7CD5578C26B7F6FC00707A89 /* Frameworks */,
			);
			sourceTree = "<group>";
		};
		7CD5575526B7F30100707A89 /* Products */ = {
			isa = PBXGroup;
			children = (
				7CD5575426B7F30100707A89 /* PostsDemo.app */,
				7CD5576526B7F30200707A89 /* PostsDemoTests.xctest */,
				7CD5577026B7F30200707A89 /* PostsDemoUITests.xctest */,
			);
			name = Products;
			sourceTree = "<group>";
		};
		7CD5575626B7F30100707A89 /* PostsDemo */ = {
			isa = PBXGroup;
			children = (
				7C7947FA26BB00970034476D /* Extensions */,
				7CD5578F26B8021300707A89 /* Protocols */,
				7CD5578326B7F31100707A89 /* Views */,
				7CD5578226B7F30C00707A89 /* Services */,
				7CD5575726B7F30100707A89 /* PostsDemoApp.swift */,
				7CD5579926B8084000707A89 /* Model.swift */,
				7CD5575B26B7F30100707A89 /* Assets.xcassets */,
				7CD5576026B7F30100707A89 /* Info.plist */,
				7CD5575D26B7F30100707A89 /* Preview Content */,
			);
			path = PostsDemo;
			sourceTree = "<group>";
		};
		7CD5575D26B7F30100707A89 /* Preview Content */ = {
			isa = PBXGroup;
			children = (
				7CD5575E26B7F30100707A89 /* Preview Assets.xcassets */,
			);
			path = "Preview Content";
			sourceTree = "<group>";
		};
		7CD5576826B7F30200707A89 /* PostsDemoTests */ = {
			isa = PBXGroup;
			children = (
				7CD5576926B7F30200707A89 /* PostsDemoTests.swift */,
				7CD5578A26B7F6CD00707A89 /* APITests.swift */,
				7CD5576B26B7F30200707A89 /* Info.plist */,
				7CD5578826B7F68B00707A89 /* XCTestCase+Extensions.swift */,
			);
			path = PostsDemoTests;
			sourceTree = "<group>";
		};
		7CD5577326B7F30200707A89 /* PostsDemoUITests */ = {
			isa = PBXGroup;
			children = (
				7CD5577426B7F30200707A89 /* PostsDemoUITests.swift */,
				7CD5577626B7F30200707A89 /* Info.plist */,
			);
			path = PostsDemoUITests;
			sourceTree = "<group>";
		};
		7CD5578226B7F30C00707A89 /* Services */ = {
			isa = PBXGroup;
			children = (
				7C168D5426BAEBED0036729A /* Networking */,
				7C168D5326BAEBE90036729A /* Repos */,
				7CD557A326B8189300707A89 /* LinkService.swift */,
			);
			path = Services;
			sourceTree = "<group>";
		};
		7CD5578326B7F31100707A89 /* Views */ = {
			isa = PBXGroup;
			children = (
				7CD5579D26B813F900707A89 /* PostDetails */,
				7CD5579426B8065600707A89 /* Posts */,
				7C7947F326BAFBA30034476D /* Router.swift */,
			);
			path = Views;
			sourceTree = "<group>";
		};
		7CD5578C26B7F6FC00707A89 /* Frameworks */ = {
			isa = PBXGroup;
			children = (
				7CD5578D26B7F6FC00707A89 /* XCTest.framework */,
			);
			name = Frameworks;
			sourceTree = "<group>";
		};
		7CD5578F26B8021300707A89 /* Protocols */ = {
			isa = PBXGroup;
			children = (
				7CD5579026B8021A00707A89 /* FlatType.swift */,
				7CD5579226B8023600707A89 /* Identifier.swift */,
			);
			path = Protocols;
			sourceTree = "<group>";
		};
		7CD5579426B8065600707A89 /* Posts */ = {
			isa = PBXGroup;
			children = (
				7CD5579526B8066400707A89 /* PostsView.swift */,
			);
			path = Posts;
			sourceTree = "<group>";
		};
		7CD5579D26B813F900707A89 /* PostDetails */ = {
			isa = PBXGroup;
			children = (
				7CD5579E26B8140600707A89 /* PostDetailsView.swift */,
			);
			path = PostDetails;
			sourceTree = "<group>";
		};
/* End PBXGroup section */

/* Begin PBXNativeTarget section */
		7CD5575326B7F30100707A89 /* PostsDemo */ = {
			isa = PBXNativeTarget;
			buildConfigurationList = 7CD5577926B7F30200707A89 /* Build configuration list for PBXNativeTarget "PostsDemo" */;
			buildPhases = (
				7CD5575026B7F30100707A89 /* Sources */,
				7CD5575126B7F30100707A89 /* Frameworks */,
				7CD5575226B7F30100707A89 /* Resources */,
			);
			buildRules = (
			);
			dependencies = (
			);
			name = PostsDemo;
			packageProductDependencies = (
				7CD557A126B814BC00707A89 /* NukeUI */,
				7C7947F626BAFDBA0034476D /* SwiftUIRefresh */,
			);
			productName = PostsDemo;
			productReference = 7CD5575426B7F30100707A89 /* PostsDemo.app */;
			productType = "com.apple.product-type.application";
		};
		7CD5576426B7F30200707A89 /* PostsDemoTests */ = {
			isa = PBXNativeTarget;
			buildConfigurationList = 7CD5577C26B7F30200707A89 /* Build configuration list for PBXNativeTarget "PostsDemoTests" */;
			buildPhases = (
				7CD5576126B7F30200707A89 /* Sources */,
				7CD5576226B7F30200707A89 /* Frameworks */,
				7CD5576326B7F30200707A89 /* Resources */,
			);
			buildRules = (
			);
			dependencies = (
				7CD5576726B7F30200707A89 /* PBXTargetDependency */,
			);
			name = PostsDemoTests;
			productName = PostsDemoTests;
			productReference = 7CD5576526B7F30200707A89 /* PostsDemoTests.xctest */;
			productType = "com.apple.product-type.bundle.unit-test";
		};
		7CD5576F26B7F30200707A89 /* PostsDemoUITests */ = {
			isa = PBXNativeTarget;
			buildConfigurationList = 7CD5577F26B7F30200707A89 /* Build configuration list for PBXNativeTarget "PostsDemoUITests" */;
			buildPhases = (
				7CD5576C26B7F30200707A89 /* Sources */,
				7CD5576D26B7F30200707A89 /* Frameworks */,
				7CD5576E26B7F30200707A89 /* Resources */,
			);
			buildRules = (
			);
			dependencies = (
				7CD5577226B7F30200707A89 /* PBXTargetDependency */,
			);
			name = PostsDemoUITests;
			productName = PostsDemoUITests;
			productReference = 7CD5577026B7F30200707A89 /* PostsDemoUITests.xctest */;
			productType = "com.apple.product-type.bundle.ui-testing";
		};
/* End PBXNativeTarget section */

/* Begin PBXProject section */
		7CD5574C26B7F30100707A89 /* Project object */ = {
			isa = PBXProject;
			attributes = {
				LastSwiftUpdateCheck = 1250;
				LastUpgradeCheck = 1250;
				TargetAttributes = {
					7CD5575326B7F30100707A89 = {
						CreatedOnToolsVersion = 12.5.1;
					};
					7CD5576426B7F30200707A89 = {
						CreatedOnToolsVersion = 12.5.1;
						TestTargetID = 7CD5575326B7F30100707A89;
					};
					7CD5576F26B7F30200707A89 = {
						CreatedOnToolsVersion = 12.5.1;
						TestTargetID = 7CD5575326B7F30100707A89;
					};
				};
			};
			buildConfigurationList = 7CD5574F26B7F30100707A89 /* Build configuration list for PBXProject "PostsDemo" */;
			compatibilityVersion = "Xcode 9.3";
			developmentRegion = en;
			hasScannedForEncodings = 0;
			knownRegions = (
				en,
				Base,
			);
			mainGroup = 7CD5574B26B7F30100707A89;
			packageReferences = (
				7CD557A026B814BC00707A89 /* XCRemoteSwiftPackageReference "NukeUI" */,
				7C7947F526BAFDBA0034476D /* XCRemoteSwiftPackageReference "SwiftUIRefresh" */,
			);
			productRefGroup = 7CD5575526B7F30100707A89 /* Products */;
			projectDirPath = "";
			projectRoot = "";
			targets = (
				7CD5575326B7F30100707A89 /* PostsDemo */,
				7CD5576426B7F30200707A89 /* PostsDemoTests */,
				7CD5576F26B7F30200707A89 /* PostsDemoUITests */,
			);
		};
/* End PBXProject section */

/* Begin PBXResourcesBuildPhase section */
		7CD5575226B7F30100707A89 /* Resources */ = {
			isa = PBXResourcesBuildPhase;
			buildActionMask = 2147483647;
			files = (
				7CD5575F26B7F30100707A89 /* Preview Assets.xcassets in Resources */,
				7CD5575C26B7F30100707A89 /* Assets.xcassets in Resources */,
			);
			runOnlyForDeploymentPostprocessing = 0;
		};
		7CD5576326B7F30200707A89 /* Resources */ = {
			isa = PBXResourcesBuildPhase;
			buildActionMask = 2147483647;
			files = (
			);
			runOnlyForDeploymentPostprocessing = 0;
		};
		7CD5576E26B7F30200707A89 /* Resources */ = {
			isa = PBXResourcesBuildPhase;
			buildActionMask = 2147483647;
			files = (
			);
			runOnlyForDeploymentPostprocessing = 0;
		};
/* End PBXResourcesBuildPhase section */

/* Begin PBXSourcesBuildPhase section */
		7CD5575026B7F30100707A89 /* Sources */ = {
			isa = PBXSourcesBuildPhase;
			buildActionMask = 2147483647;
			files = (
				7CD5579A26B8084000707A89 /* Model.swift in Sources */,
				7CD5579626B8066400707A89 /* PostsView.swift in Sources */,
				7C7947F926BAFEA50034476D /* Sourceful.swift in Sources */,
				7CD5578626B7F35100707A89 /* API.swift in Sources */,
				7CD5579F26B8140600707A89 /* PostDetailsView.swift in Sources */,
				7C168D5626BAEBFD0036729A /* RepoState.swift in Sources */,
				7CD5578726B7F35100707A89 /* Network.swift in Sources */,
				7CD5579126B8021A00707A89 /* FlatType.swift in Sources */,
				7C7947F226BAF6590034476D /* SwiftUI+Extensions.swift in Sources */,
				7C7947F426BAFBA30034476D /* Router.swift in Sources */,
				7CD557A926B87BC900707A89 /* RepoCache.swift in Sources */,
				7CD5579326B8023600707A89 /* Identifier.swift in Sources */,
				7CD5575826B7F30100707A89 /* PostsDemoApp.swift in Sources */,
				7C7947FC26BB00A50034476D /* Combine+Extensions.swift in Sources */,
				7CD5579826B8070800707A89 /* PostsRepo.swift in Sources */,
				7CD557A426B8189300707A89 /* LinkService.swift in Sources */,
				7C168D5826BAEC0D0036729A /* PostRepo.swift in Sources */,
			);
			runOnlyForDeploymentPostprocessing = 0;
		};
		7CD5576126B7F30200707A89 /* Sources */ = {
			isa = PBXSourcesBuildPhase;
			buildActionMask = 2147483647;
			files = (
				7CD5578926B7F68B00707A89 /* XCTestCase+Extensions.swift in Sources */,
				7CD5576A26B7F30200707A89 /* PostsDemoTests.swift in Sources */,
				7CD5578B26B7F6CD00707A89 /* APITests.swift in Sources */,
			);
			runOnlyForDeploymentPostprocessing = 0;
		};
		7CD5576C26B7F30200707A89 /* Sources */ = {
			isa = PBXSourcesBuildPhase;
			buildActionMask = 2147483647;
			files = (
				7CD5577526B7F30200707A89 /* PostsDemoUITests.swift in Sources */,
			);
			runOnlyForDeploymentPostprocessing = 0;
		};
/* End PBXSourcesBuildPhase section */

/* Begin PBXTargetDependency section */
		7CD5576726B7F30200707A89 /* PBXTargetDependency */ = {
			isa = PBXTargetDependency;
			target = 7CD5575326B7F30100707A89 /* PostsDemo */;
			targetProxy = 7CD5576626B7F30200707A89 /* PBXContainerItemProxy */;
		};
		7CD5577226B7F30200707A89 /* PBXTargetDependency */ = {
			isa = PBXTargetDependency;
			target = 7CD5575326B7F30100707A89 /* PostsDemo */;
			targetProxy = 7CD5577126B7F30200707A89 /* PBXContainerItemProxy */;
		};
/* End PBXTargetDependency section */

/* Begin XCBuildConfiguration section */
		7CD5577726B7F30200707A89 /* Debug */ = {
			isa = XCBuildConfiguration;
			buildSettings = {
				ALWAYS_SEARCH_USER_PATHS = NO;
				CLANG_ANALYZER_NONNULL = YES;
				CLANG_ANALYZER_NUMBER_OBJECT_CONVERSION = YES_AGGRESSIVE;
				CLANG_CXX_LANGUAGE_STANDARD = "gnu++14";
				CLANG_CXX_LIBRARY = "libc++";
				CLANG_ENABLE_MODULES = YES;
				CLANG_ENABLE_OBJC_ARC = YES;
				CLANG_ENABLE_OBJC_WEAK = YES;
				CLANG_WARN_BLOCK_CAPTURE_AUTORELEASING = YES;
				CLANG_WARN_BOOL_CONVERSION = YES;
				CLANG_WARN_COMMA = YES;
				CLANG_WARN_CONSTANT_CONVERSION = YES;
				CLANG_WARN_DEPRECATED_OBJC_IMPLEMENTATIONS = YES;
				CLANG_WARN_DIRECT_OBJC_ISA_USAGE = YES_ERROR;
				CLANG_WARN_DOCUMENTATION_COMMENTS = YES;
				CLANG_WARN_EMPTY_BODY = YES;
				CLANG_WARN_ENUM_CONVERSION = YES;
				CLANG_WARN_INFINITE_RECURSION = YES;
				CLANG_WARN_INT_CONVERSION = YES;
				CLANG_WARN_NON_LITERAL_NULL_CONVERSION = YES;
				CLANG_WARN_OBJC_IMPLICIT_RETAIN_SELF = YES;
				CLANG_WARN_OBJC_LITERAL_CONVERSION = YES;
				CLANG_WARN_OBJC_ROOT_CLASS = YES_ERROR;
				CLANG_WARN_QUOTED_INCLUDE_IN_FRAMEWORK_HEADER = YES;
				CLANG_WARN_RANGE_LOOP_ANALYSIS = YES;
				CLANG_WARN_STRICT_PROTOTYPES = YES;
				CLANG_WARN_SUSPICIOUS_MOVE = YES;
				CLANG_WARN_UNGUARDED_AVAILABILITY = YES_AGGRESSIVE;
				CLANG_WARN_UNREACHABLE_CODE = YES;
				CLANG_WARN__DUPLICATE_METHOD_MATCH = YES;
				COPY_PHASE_STRIP = NO;
				DEBUG_INFORMATION_FORMAT = dwarf;
				ENABLE_STRICT_OBJC_MSGSEND = YES;
				ENABLE_TESTABILITY = YES;
				GCC_C_LANGUAGE_STANDARD = gnu11;
				GCC_DYNAMIC_NO_PIC = NO;
				GCC_NO_COMMON_BLOCKS = YES;
				GCC_OPTIMIZATION_LEVEL = 0;
				GCC_PREPROCESSOR_DEFINITIONS = (
					"DEBUG=1",
					"$(inherited)",
				);
				GCC_WARN_64_TO_32_BIT_CONVERSION = YES;
				GCC_WARN_ABOUT_RETURN_TYPE = YES_ERROR;
				GCC_WARN_UNDECLARED_SELECTOR = YES;
				GCC_WARN_UNINITIALIZED_AUTOS = YES_AGGRESSIVE;
				GCC_WARN_UNUSED_FUNCTION = YES;
				GCC_WARN_UNUSED_VARIABLE = YES;
				IPHONEOS_DEPLOYMENT_TARGET = 14.5;
				MTL_ENABLE_DEBUG_INFO = INCLUDE_SOURCE;
				MTL_FAST_MATH = YES;
				ONLY_ACTIVE_ARCH = YES;
				SDKROOT = iphoneos;
				SWIFT_ACTIVE_COMPILATION_CONDITIONS = DEBUG;
				SWIFT_OPTIMIZATION_LEVEL = "-Onone";
			};
			name = Debug;
		};
		7CD5577826B7F30200707A89 /* Release */ = {
			isa = XCBuildConfiguration;
			buildSettings = {
				ALWAYS_SEARCH_USER_PATHS = NO;
				CLANG_ANALYZER_NONNULL = YES;
				CLANG_ANALYZER_NUMBER_OBJECT_CONVERSION = YES_AGGRESSIVE;
				CLANG_CXX_LANGUAGE_STANDARD = "gnu++14";
				CLANG_CXX_LIBRARY = "libc++";
				CLANG_ENABLE_MODULES = YES;
				CLANG_ENABLE_OBJC_ARC = YES;
				CLANG_ENABLE_OBJC_WEAK = YES;
				CLANG_WARN_BLOCK_CAPTURE_AUTORELEASING = YES;
				CLANG_WARN_BOOL_CONVERSION = YES;
				CLANG_WARN_COMMA = YES;
				CLANG_WARN_CONSTANT_CONVERSION = YES;
				CLANG_WARN_DEPRECATED_OBJC_IMPLEMENTATIONS = YES;
				CLANG_WARN_DIRECT_OBJC_ISA_USAGE = YES_ERROR;
				CLANG_WARN_DOCUMENTATION_COMMENTS = YES;
				CLANG_WARN_EMPTY_BODY = YES;
				CLANG_WARN_ENUM_CONVERSION = YES;
				CLANG_WARN_INFINITE_RECURSION = YES;
				CLANG_WARN_INT_CONVERSION = YES;
				CLANG_WARN_NON_LITERAL_NULL_CONVERSION = YES;
				CLANG_WARN_OBJC_IMPLICIT_RETAIN_SELF = YES;
				CLANG_WARN_OBJC_LITERAL_CONVERSION = YES;
				CLANG_WARN_OBJC_ROOT_CLASS = YES_ERROR;
				CLANG_WARN_QUOTED_INCLUDE_IN_FRAMEWORK_HEADER = YES;
				CLANG_WARN_RANGE_LOOP_ANALYSIS = YES;
				CLANG_WARN_STRICT_PROTOTYPES = YES;
				CLANG_WARN_SUSPICIOUS_MOVE = YES;
				CLANG_WARN_UNGUARDED_AVAILABILITY = YES_AGGRESSIVE;
				CLANG_WARN_UNREACHABLE_CODE = YES;
				CLANG_WARN__DUPLICATE_METHOD_MATCH = YES;
				COPY_PHASE_STRIP = NO;
				DEBUG_INFORMATION_FORMAT = "dwarf-with-dsym";
				ENABLE_NS_ASSERTIONS = NO;
				ENABLE_STRICT_OBJC_MSGSEND = YES;
				GCC_C_LANGUAGE_STANDARD = gnu11;
				GCC_NO_COMMON_BLOCKS = YES;
				GCC_WARN_64_TO_32_BIT_CONVERSION = YES;
				GCC_WARN_ABOUT_RETURN_TYPE = YES_ERROR;
				GCC_WARN_UNDECLARED_SELECTOR = YES;
				GCC_WARN_UNINITIALIZED_AUTOS = YES_AGGRESSIVE;
				GCC_WARN_UNUSED_FUNCTION = YES;
				GCC_WARN_UNUSED_VARIABLE = YES;
				IPHONEOS_DEPLOYMENT_TARGET = 14.5;
				MTL_ENABLE_DEBUG_INFO = NO;
				MTL_FAST_MATH = YES;
				SDKROOT = iphoneos;
				SWIFT_COMPILATION_MODE = wholemodule;
				SWIFT_OPTIMIZATION_LEVEL = "-O";
				VALIDATE_PRODUCT = YES;
			};
			name = Release;
		};
		7CD5577A26B7F30200707A89 /* Debug */ = {
			isa = XCBuildConfiguration;
			buildSettings = {
				ASSETCATALOG_COMPILER_APPICON_NAME = AppIcon;
				ASSETCATALOG_COMPILER_GLOBAL_ACCENT_COLOR_NAME = AccentColor;
				CODE_SIGN_STYLE = Automatic;
				DEVELOPMENT_ASSET_PATHS = "\"PostsDemo/Preview Content\"";
				DEVELOPMENT_TEAM = CD6M6ACBGV;
				ENABLE_PREVIEWS = YES;
				INFOPLIST_FILE = PostsDemo/Info.plist;
				IPHONEOS_DEPLOYMENT_TARGET = 14.0;
				LD_RUNPATH_SEARCH_PATHS = (
					"$(inherited)",
					"@executable_path/Frameworks",
				);
				PRODUCT_BUNDLE_IDENTIFIER = com.dreyman.PostsDemo;
				PRODUCT_NAME = "$(TARGET_NAME)";
				SWIFT_VERSION = 5.0;
				TARGETED_DEVICE_FAMILY = "1,2";
			};
			name = Debug;
		};
		7CD5577B26B7F30200707A89 /* Release */ = {
			isa = XCBuildConfiguration;
			buildSettings = {
				ASSETCATALOG_COMPILER_APPICON_NAME = AppIcon;
				ASSETCATALOG_COMPILER_GLOBAL_ACCENT_COLOR_NAME = AccentColor;
				CODE_SIGN_STYLE = Automatic;
				DEVELOPMENT_ASSET_PATHS = "\"PostsDemo/Preview Content\"";
				DEVELOPMENT_TEAM = CD6M6ACBGV;
				ENABLE_PREVIEWS = YES;
				INFOPLIST_FILE = PostsDemo/Info.plist;
				IPHONEOS_DEPLOYMENT_TARGET = 14.0;
				LD_RUNPATH_SEARCH_PATHS = (
					"$(inherited)",
					"@executable_path/Frameworks",
				);
				PRODUCT_BUNDLE_IDENTIFIER = com.dreyman.PostsDemo;
				PRODUCT_NAME = "$(TARGET_NAME)";
				SWIFT_VERSION = 5.0;
				TARGETED_DEVICE_FAMILY = "1,2";
			};
			name = Release;
		};
		7CD5577D26B7F30200707A89 /* Debug */ = {
			isa = XCBuildConfiguration;
			buildSettings = {
				ALWAYS_EMBED_SWIFT_STANDARD_LIBRARIES = YES;
				BUNDLE_LOADER = "$(TEST_HOST)";
				CODE_SIGN_STYLE = Automatic;
				INFOPLIST_FILE = PostsDemoTests/Info.plist;
				IPHONEOS_DEPLOYMENT_TARGET = 14.0;
				LD_RUNPATH_SEARCH_PATHS = (
					"$(inherited)",
					"@executable_path/Frameworks",
					"@loader_path/Frameworks",
				);
				PRODUCT_BUNDLE_IDENTIFIER = com.dreyman.PostsDemoTests;
				PRODUCT_NAME = "$(TARGET_NAME)";
				SWIFT_VERSION = 5.0;
				TARGETED_DEVICE_FAMILY = "1,2";
				TEST_HOST = "$(BUILT_PRODUCTS_DIR)/PostsDemo.app/PostsDemo";
			};
			name = Debug;
		};
		7CD5577E26B7F30200707A89 /* Release */ = {
			isa = XCBuildConfiguration;
			buildSettings = {
				ALWAYS_EMBED_SWIFT_STANDARD_LIBRARIES = YES;
				BUNDLE_LOADER = "$(TEST_HOST)";
				CODE_SIGN_STYLE = Automatic;
				INFOPLIST_FILE = PostsDemoTests/Info.plist;
				IPHONEOS_DEPLOYMENT_TARGET = 14.0;
				LD_RUNPATH_SEARCH_PATHS = (
					"$(inherited)",
					"@executable_path/Frameworks",
					"@loader_path/Frameworks",
				);
				PRODUCT_BUNDLE_IDENTIFIER = com.dreyman.PostsDemoTests;
				PRODUCT_NAME = "$(TARGET_NAME)";
				SWIFT_VERSION = 5.0;
				TARGETED_DEVICE_FAMILY = "1,2";
				TEST_HOST = "$(BUILT_PRODUCTS_DIR)/PostsDemo.app/PostsDemo";
			};
			name = Release;
		};
		7CD5578026B7F30200707A89 /* Debug */ = {
			isa = XCBuildConfiguration;
			buildSettings = {
				ALWAYS_EMBED_SWIFT_STANDARD_LIBRARIES = YES;
				CODE_SIGN_STYLE = Automatic;
				INFOPLIST_FILE = PostsDemoUITests/Info.plist;
				LD_RUNPATH_SEARCH_PATHS = (
					"$(inherited)",
					"@executable_path/Frameworks",
					"@loader_path/Frameworks",
				);
				PRODUCT_BUNDLE_IDENTIFIER = com.dreyman.PostsDemoUITests;
				PRODUCT_NAME = "$(TARGET_NAME)";
				SWIFT_VERSION = 5.0;
				TARGETED_DEVICE_FAMILY = "1,2";
				TEST_TARGET_NAME = PostsDemo;
			};
			name = Debug;
		};
		7CD5578126B7F30200707A89 /* Release */ = {
			isa = XCBuildConfiguration;
			buildSettings = {
				ALWAYS_EMBED_SWIFT_STANDARD_LIBRARIES = YES;
				CODE_SIGN_STYLE = Automatic;
				INFOPLIST_FILE = PostsDemoUITests/Info.plist;
				LD_RUNPATH_SEARCH_PATHS = (
					"$(inherited)",
					"@executable_path/Frameworks",
					"@loader_path/Frameworks",
				);
				PRODUCT_BUNDLE_IDENTIFIER = com.dreyman.PostsDemoUITests;
				PRODUCT_NAME = "$(TARGET_NAME)";
				SWIFT_VERSION = 5.0;
				TARGETED_DEVICE_FAMILY = "1,2";
				TEST_TARGET_NAME = PostsDemo;
			};
			name = Release;
		};
/* End XCBuildConfiguration section */

/* Begin XCConfigurationList section */
		7CD5574F26B7F30100707A89 /* Build configuration list for PBXProject "PostsDemo" */ = {
			isa = XCConfigurationList;
			buildConfigurations = (
				7CD5577726B7F30200707A89 /* Debug */,
				7CD5577826B7F30200707A89 /* Release */,
			);
			defaultConfigurationIsVisible = 0;
			defaultConfigurationName = Release;
		};
		7CD5577926B7F30200707A89 /* Build configuration list for PBXNativeTarget "PostsDemo" */ = {
			isa = XCConfigurationList;
			buildConfigurations = (
				7CD5577A26B7F30200707A89 /* Debug */,
				7CD5577B26B7F30200707A89 /* Release */,
			);
			defaultConfigurationIsVisible = 0;
			defaultConfigurationName = Release;
		};
		7CD5577C26B7F30200707A89 /* Build configuration list for PBXNativeTarget "PostsDemoTests" */ = {
			isa = XCConfigurationList;
			buildConfigurations = (
				7CD5577D26B7F30200707A89 /* Debug */,
				7CD5577E26B7F30200707A89 /* Release */,
			);
			defaultConfigurationIsVisible = 0;
			defaultConfigurationName = Release;
		};
		7CD5577F26B7F30200707A89 /* Build configuration list for PBXNativeTarget "PostsDemoUITests" */ = {
			isa = XCConfigurationList;
			buildConfigurations = (
				7CD5578026B7F30200707A89 /* Debug */,
				7CD5578126B7F30200707A89 /* Release */,
			);
			defaultConfigurationIsVisible = 0;
			defaultConfigurationName = Release;
		};
/* End XCConfigurationList section */

/* Begin XCRemoteSwiftPackageReference section */
		7C7947F526BAFDBA0034476D /* XCRemoteSwiftPackageReference "SwiftUIRefresh" */ = {
			isa = XCRemoteSwiftPackageReference;
			repositoryURL = "https://github.com/siteline/SwiftUIRefresh.git";
			requirement = {
				kind = upToNextMajorVersion;
				minimumVersion = 0.0.3;
			};
		};
		7CD557A026B814BC00707A89 /* XCRemoteSwiftPackageReference "NukeUI" */ = {
			isa = XCRemoteSwiftPackageReference;
			repositoryURL = "https://github.com/kean/NukeUI";
			requirement = {
				kind = upToNextMajorVersion;
				minimumVersion = 0.6.7;
			};
		};
/* End XCRemoteSwiftPackageReference section */

/* Begin XCSwiftPackageProductDependency section */
		7C7947F626BAFDBA0034476D /* SwiftUIRefresh */ = {
			isa = XCSwiftPackageProductDependency;
			package = 7C7947F526BAFDBA0034476D /* XCRemoteSwiftPackageReference "SwiftUIRefresh" */;
			productName = SwiftUIRefresh;
		};
		7CD557A126B814BC00707A89 /* NukeUI */ = {
			isa = XCSwiftPackageProductDependency;
			package = 7CD557A026B814BC00707A89 /* XCRemoteSwiftPackageReference "NukeUI" */;
			productName = NukeUI;
		};
/* End XCSwiftPackageProductDependency section */
	};
	rootObject = 7CD5574C26B7F30100707A89 /* Project object */;
}
